
Microsoft Visual Studio Solution File, Format Version 12.00
# Visual Studio Version 16
VisualStudioVersion = 16.0.31105.61
MinimumVisualStudioVersion = 10.0.40219.1
Project("{FAE04EC0-301F-11D3-BF4B-00C04F79EFBC}") = "Ejercicio 12", "Ejercicio 12\Ejercicio 12.csproj", "{66197808-914F-4772-9816-6B45B4D41F37}"
EndProject
Project("{FAE04EC0-301F-11D3-BF4B-00C04F79EFBC}") = "ClassLibrary1", "ClassLibrary1\ClassLibrary1.csproj", "{C1A2CF2A-4688-4A63-BC41-A5D0D14201BF}"
EndProject
Global
	GlobalSection(SolutionConfigurationPlatforms) = preSolution
		Debug|Any CPU = Debug|Any CPU
		Release|Any CPU = Release|Any CPU
	EndGlobalSection
	GlobalSection(ProjectConfigurationPlatforms) = postSolution
		{66197808-914F-4772-9816-6B45B4D41F37}.Debug|Any CPU.ActiveCfg = Debug|Any CPU
		{66197808-914F-4772-9816-6B45B4D41F37}.Debug|Any CPU.Build.0 = Debug|Any CPU
		{66197808-914F-4772-9816-6B45B4D41F37}.Release|Any CPU.ActiveCfg = Release|Any CPU
		{66197808-914F-4772-9816-6B45B4D41F37}.Release|Any CPU.Build.0 = Release|Any CPU
		{C1A2CF2A-4688-4A63-BC41-A5D0D14201BF}.Debug|Any CPU.ActiveCfg = Debug|Any CPU
		{C1A2CF2A-4688-4A63-BC41-A5D0D14201BF}.Debug|Any CPU.Build.0 = Debug|Any CPU
		{C1A2CF2A-4688-4A63-BC41-A5D0D14201BF}.Release|Any CPU.ActiveCfg = Release|Any CPU
		{C1A2CF2A-4688-4A63-BC41-A5D0D14201BF}.Release|Any CPU.Build.0 = Release|Any CPU
	EndGlobalSection
	GlobalSection(SolutionProperties) = preSolution
		HideSolutionNode = FALSE
	EndGlobalSection
	GlobalSection(ExtensibilityGlobals) = postSolution
		SolutionGuid = {BCFC7A49-6D05-406D-9135-0FDD9DB9C52E}
	EndGlobalSection
EndGlobal
