
Microsoft Visual Studio Solution File, Format Version 12.00
# Visual Studio Version 16
VisualStudioVersion = 16.0.31105.61
MinimumVisualStudioVersion = 10.0.40219.1
Project("{FAE04EC0-301F-11D3-BF4B-00C04F79EFBC}") = "HolaMundo", "HolaMundo\HolaMundo.csproj", "{840B5E4F-3311-4F9F-84D5-C552491753A2}"
EndProject
Global
	GlobalSection(SolutionConfigurationPlatforms) = preSolution
		Debug|Any CPU = Debug|Any CPU
		Release|Any CPU = Release|Any CPU
	EndGlobalSection
	GlobalSection(ProjectConfigurationPlatforms) = postSolution
		{840B5E4F-3311-4F9F-84D5-C552491753A2}.Debug|Any CPU.ActiveCfg = Debug|Any CPU
		{840B5E4F-3311-4F9F-84D5-C552491753A2}.Debug|Any CPU.Build.0 = Debug|Any CPU
		{840B5E4F-3311-4F9F-84D5-C552491753A2}.Release|Any CPU.ActiveCfg = Release|Any CPU
		{840B5E4F-3311-4F9F-84D5-C552491753A2}.Release|Any CPU.Build.0 = Release|Any CPU
	EndGlobalSection
	GlobalSection(SolutionProperties) = preSolution
		HideSolutionNode = FALSE
	EndGlobalSection
	GlobalSection(ExtensibilityGlobals) = postSolution
		SolutionGuid = {0467BB22-E8BB-4CCF-B2EA-F8F88C32C3DA}
	EndGlobalSection
EndGlobal
