
Microsoft Visual Studio Solution File, Format Version 12.00
# Visual Studio Version 16
VisualStudioVersion = 16.0.31105.61
MinimumVisualStudioVersion = 10.0.40219.1
Project("{FAE04EC0-301F-11D3-BF4B-00C04F79EFBC}") = "Ejercicio 38", "Ejercicio 38\Ejercicio 38.csproj", "{3C26A653-B0ED-4AFA-8800-D3524E5A5F1A}"
EndProject
Project("{FAE04EC0-301F-11D3-BF4B-00C04F79EFBC}") = "Biblioteca", "Biblioteca\Biblioteca.csproj", "{941CB37D-A7BF-4E9E-92BF-55819A46273F}"
EndProject
Global
	GlobalSection(SolutionConfigurationPlatforms) = preSolution
		Debug|Any CPU = Debug|Any CPU
		Release|Any CPU = Release|Any CPU
	EndGlobalSection
	GlobalSection(ProjectConfigurationPlatforms) = postSolution
		{3C26A653-B0ED-4AFA-8800-D3524E5A5F1A}.Debug|Any CPU.ActiveCfg = Debug|Any CPU
		{3C26A653-B0ED-4AFA-8800-D3524E5A5F1A}.Debug|Any CPU.Build.0 = Debug|Any CPU
		{3C26A653-B0ED-4AFA-8800-D3524E5A5F1A}.Release|Any CPU.ActiveCfg = Release|Any CPU
		{3C26A653-B0ED-4AFA-8800-D3524E5A5F1A}.Release|Any CPU.Build.0 = Release|Any CPU
		{941CB37D-A7BF-4E9E-92BF-55819A46273F}.Debug|Any CPU.ActiveCfg = Debug|Any CPU
		{941CB37D-A7BF-4E9E-92BF-55819A46273F}.Debug|Any CPU.Build.0 = Debug|Any CPU
		{941CB37D-A7BF-4E9E-92BF-55819A46273F}.Release|Any CPU.ActiveCfg = Release|Any CPU
		{941CB37D-A7BF-4E9E-92BF-55819A46273F}.Release|Any CPU.Build.0 = Release|Any CPU
	EndGlobalSection
	GlobalSection(SolutionProperties) = preSolution
		HideSolutionNode = FALSE
	EndGlobalSection
	GlobalSection(ExtensibilityGlobals) = postSolution
		SolutionGuid = {1216506E-28DA-4DB1-B1C5-8892C7AEEAD1}
	EndGlobalSection
EndGlobal
