
Microsoft Visual Studio Solution File, Format Version 12.00
# Visual Studio Version 16
VisualStudioVersion = 16.0.31105.61
MinimumVisualStudioVersion = 10.0.40219.1
Project("{FAE04EC0-301F-11D3-BF4B-00C04F79EFBC}") = "explicacionHerencia", "explicacionHerencia\explicacionHerencia.csproj", "{98F8F017-723E-4755-9464-5166B447B197}"
EndProject
Project("{FAE04EC0-301F-11D3-BF4B-00C04F79EFBC}") = "Biblioteca", "Biblioteca\Biblioteca.csproj", "{777CA3F0-895A-49DF-B95C-84F851A72769}"
EndProject
Global
	GlobalSection(SolutionConfigurationPlatforms) = preSolution
		Debug|Any CPU = Debug|Any CPU
		Release|Any CPU = Release|Any CPU
	EndGlobalSection
	GlobalSection(ProjectConfigurationPlatforms) = postSolution
		{98F8F017-723E-4755-9464-5166B447B197}.Debug|Any CPU.ActiveCfg = Debug|Any CPU
		{98F8F017-723E-4755-9464-5166B447B197}.Debug|Any CPU.Build.0 = Debug|Any CPU
		{98F8F017-723E-4755-9464-5166B447B197}.Release|Any CPU.ActiveCfg = Release|Any CPU
		{98F8F017-723E-4755-9464-5166B447B197}.Release|Any CPU.Build.0 = Release|Any CPU
		{777CA3F0-895A-49DF-B95C-84F851A72769}.Debug|Any CPU.ActiveCfg = Debug|Any CPU
		{777CA3F0-895A-49DF-B95C-84F851A72769}.Debug|Any CPU.Build.0 = Debug|Any CPU
		{777CA3F0-895A-49DF-B95C-84F851A72769}.Release|Any CPU.ActiveCfg = Release|Any CPU
		{777CA3F0-895A-49DF-B95C-84F851A72769}.Release|Any CPU.Build.0 = Release|Any CPU
	EndGlobalSection
	GlobalSection(SolutionProperties) = preSolution
		HideSolutionNode = FALSE
	EndGlobalSection
	GlobalSection(ExtensibilityGlobals) = postSolution
		SolutionGuid = {31234A73-B6E0-4A6F-BF74-B9AFDCD549A9}
	EndGlobalSection
EndGlobal
