
Microsoft Visual Studio Solution File, Format Version 12.00
# Visual Studio Version 16
VisualStudioVersion = 16.0.31105.61
MinimumVisualStudioVersion = 10.0.40219.1
Project("{FAE04EC0-301F-11D3-BF4B-00C04F79EFBC}") = "Ejercicio 21", "Ejercicio 21\Ejercicio 21.csproj", "{54264DF6-2691-43A6-B465-2249447EA1ED}"
EndProject
Project("{FAE04EC0-301F-11D3-BF4B-00C04F79EFBC}") = "Biblioteca", "Biblioteca\Biblioteca.csproj", "{339B7832-4B87-46F1-8A3C-E6CD09262F67}"
EndProject
Global
	GlobalSection(SolutionConfigurationPlatforms) = preSolution
		Debug|Any CPU = Debug|Any CPU
		Release|Any CPU = Release|Any CPU
	EndGlobalSection
	GlobalSection(ProjectConfigurationPlatforms) = postSolution
		{54264DF6-2691-43A6-B465-2249447EA1ED}.Debug|Any CPU.ActiveCfg = Debug|Any CPU
		{54264DF6-2691-43A6-B465-2249447EA1ED}.Debug|Any CPU.Build.0 = Debug|Any CPU
		{54264DF6-2691-43A6-B465-2249447EA1ED}.Release|Any CPU.ActiveCfg = Release|Any CPU
		{54264DF6-2691-43A6-B465-2249447EA1ED}.Release|Any CPU.Build.0 = Release|Any CPU
		{339B7832-4B87-46F1-8A3C-E6CD09262F67}.Debug|Any CPU.ActiveCfg = Debug|Any CPU
		{339B7832-4B87-46F1-8A3C-E6CD09262F67}.Debug|Any CPU.Build.0 = Debug|Any CPU
		{339B7832-4B87-46F1-8A3C-E6CD09262F67}.Release|Any CPU.ActiveCfg = Release|Any CPU
		{339B7832-4B87-46F1-8A3C-E6CD09262F67}.Release|Any CPU.Build.0 = Release|Any CPU
	EndGlobalSection
	GlobalSection(SolutionProperties) = preSolution
		HideSolutionNode = FALSE
	EndGlobalSection
	GlobalSection(ExtensibilityGlobals) = postSolution
		SolutionGuid = {23A0497D-7D0B-4EBF-A6B9-5F6101D4E306}
	EndGlobalSection
EndGlobal
