
Microsoft Visual Studio Solution File, Format Version 12.00
# Visual Studio Version 16
VisualStudioVersion = 16.0.31105.61
MinimumVisualStudioVersion = 10.0.40219.1
Project("{FAE04EC0-301F-11D3-BF4B-00C04F79EFBC}") = "CalculadoraDeString", "CalculadoraDeString\CalculadoraDeString.csproj", "{8014DC37-542F-4033-9DA2-1DCCFAB0270C}"
EndProject
Project("{FAE04EC0-301F-11D3-BF4B-00C04F79EFBC}") = "TestCalculadoraDeString", "TestCalculadoraDeString\TestCalculadoraDeString.csproj", "{221098C2-64FC-43AA-BAF1-E980C695BF15}"
EndProject
Global
	GlobalSection(SolutionConfigurationPlatforms) = preSolution
		Debug|Any CPU = Debug|Any CPU
		Release|Any CPU = Release|Any CPU
	EndGlobalSection
	GlobalSection(ProjectConfigurationPlatforms) = postSolution
		{8014DC37-542F-4033-9DA2-1DCCFAB0270C}.Debug|Any CPU.ActiveCfg = Debug|Any CPU
		{8014DC37-542F-4033-9DA2-1DCCFAB0270C}.Debug|Any CPU.Build.0 = Debug|Any CPU
		{8014DC37-542F-4033-9DA2-1DCCFAB0270C}.Release|Any CPU.ActiveCfg = Release|Any CPU
		{8014DC37-542F-4033-9DA2-1DCCFAB0270C}.Release|Any CPU.Build.0 = Release|Any CPU
		{221098C2-64FC-43AA-BAF1-E980C695BF15}.Debug|Any CPU.ActiveCfg = Debug|Any CPU
		{221098C2-64FC-43AA-BAF1-E980C695BF15}.Debug|Any CPU.Build.0 = Debug|Any CPU
		{221098C2-64FC-43AA-BAF1-E980C695BF15}.Release|Any CPU.ActiveCfg = Release|Any CPU
		{221098C2-64FC-43AA-BAF1-E980C695BF15}.Release|Any CPU.Build.0 = Release|Any CPU
	EndGlobalSection
	GlobalSection(SolutionProperties) = preSolution
		HideSolutionNode = FALSE
	EndGlobalSection
	GlobalSection(ExtensibilityGlobals) = postSolution
		SolutionGuid = {EEC12919-64C0-43C3-8403-C7625788704E}
	EndGlobalSection
EndGlobal
